
Microsoft Visual Studio Solution File, Format Version 12.00
# Visual Studio Version 17
VisualStudioVersion = 17.3.32901.215
MinimumVisualStudioVersion = 10.0.40219.1
Project("{9A19103F-16F7-4668-BE54-9A1E7A4F7556}") = "Version2", "Version2\Version2.csproj", "{AC3A9B42-CD20-49D3-9F20-17356C062998}"
EndProject
Project("{9A19103F-16F7-4668-BE54-9A1E7A4F7556}") = "Version2.Test", "Version2.Test\Version2.Test.csproj", "{794A72A9-EABE-47C2-B5DB-F78977978FA1}"
EndProject
Project("{FAE04EC0-301F-11D3-BF4B-00C04F79EFBC}") = "Version2.Data", "Version2.Data\Version2.Data.csproj", "{0B5D33C9-721C-4420-AF95-63C21043E1A7}"
EndProject
Project("{FAE04EC0-301F-11D3-BF4B-00C04F79EFBC}") = "Version2.Framework", "Version2.Framework\Version2.Framework.csproj", "{D449E493-2D0D-44C2-A109-6DAA69C07D55}"
EndProject
Project("{FAE04EC0-301F-11D3-BF4B-00C04F79EFBC}") = "Version2.Application", "Version2.Application\Version2.Application.csproj", "{84B42411-8D3F-4099-BDB1-FA71659EADB8}"
EndProject
Global
	GlobalSection(SolutionConfigurationPlatforms) = preSolution
		Debug|Any CPU = Debug|Any CPU
		Release|Any CPU = Release|Any CPU
	EndGlobalSection
	GlobalSection(ProjectConfigurationPlatforms) = postSolution
		{AC3A9B42-CD20-49D3-9F20-17356C062998}.Debug|Any CPU.ActiveCfg = Debug|Any CPU
		{AC3A9B42-CD20-49D3-9F20-17356C062998}.Debug|Any CPU.Build.0 = Debug|Any CPU
		{AC3A9B42-CD20-49D3-9F20-17356C062998}.Release|Any CPU.ActiveCfg = Release|Any CPU
		{AC3A9B42-CD20-49D3-9F20-17356C062998}.Release|Any CPU.Build.0 = Release|Any CPU
		{794A72A9-EABE-47C2-B5DB-F78977978FA1}.Debug|Any CPU.ActiveCfg = Debug|Any CPU
		{794A72A9-EABE-47C2-B5DB-F78977978FA1}.Debug|Any CPU.Build.0 = Debug|Any CPU
		{794A72A9-EABE-47C2-B5DB-F78977978FA1}.Release|Any CPU.ActiveCfg = Release|Any CPU
		{794A72A9-EABE-47C2-B5DB-F78977978FA1}.Release|Any CPU.Build.0 = Release|Any CPU
		{0B5D33C9-721C-4420-AF95-63C21043E1A7}.Debug|Any CPU.ActiveCfg = Debug|Any CPU
		{0B5D33C9-721C-4420-AF95-63C21043E1A7}.Debug|Any CPU.Build.0 = Debug|Any CPU
		{0B5D33C9-721C-4420-AF95-63C21043E1A7}.Release|Any CPU.ActiveCfg = Release|Any CPU
		{0B5D33C9-721C-4420-AF95-63C21043E1A7}.Release|Any CPU.Build.0 = Release|Any CPU
		{D449E493-2D0D-44C2-A109-6DAA69C07D55}.Debug|Any CPU.ActiveCfg = Debug|Any CPU
		{D449E493-2D0D-44C2-A109-6DAA69C07D55}.Debug|Any CPU.Build.0 = Debug|Any CPU
		{D449E493-2D0D-44C2-A109-6DAA69C07D55}.Release|Any CPU.ActiveCfg = Release|Any CPU
		{D449E493-2D0D-44C2-A109-6DAA69C07D55}.Release|Any CPU.Build.0 = Release|Any CPU
		{84B42411-8D3F-4099-BDB1-FA71659EADB8}.Debug|Any CPU.ActiveCfg = Debug|Any CPU
		{84B42411-8D3F-4099-BDB1-FA71659EADB8}.Debug|Any CPU.Build.0 = Debug|Any CPU
		{84B42411-8D3F-4099-BDB1-FA71659EADB8}.Release|Any CPU.ActiveCfg = Release|Any CPU
		{84B42411-8D3F-4099-BDB1-FA71659EADB8}.Release|Any CPU.Build.0 = Release|Any CPU
	EndGlobalSection
	GlobalSection(SolutionProperties) = preSolution
		HideSolutionNode = FALSE
	EndGlobalSection
	GlobalSection(ExtensibilityGlobals) = postSolution
		SolutionGuid = {4F9635BC-BAB1-4397-8ACB-909A413E7EAF}
	EndGlobalSection
EndGlobal
